
Microsoft Visual Studio Solution File, Format Version 12.00
# Visual Studio 15
VisualStudioVersion = 15.0.28307.572
MinimumVisualStudioVersion = 10.0.40219.1
Project("{FAE04EC0-301F-11D3-BF4B-00C04F79EFBC}") = "My_dream_is_owner", "My_dream_is_owner.csproj", "{B984F9CB-832C-40E9-8602-1FC036327680}"
EndProject
Global
	GlobalSection(SolutionConfigurationPlatforms) = preSolution
		Debug|Any CPU = Debug|Any CPU
		Release|Any CPU = Release|Any CPU
	EndGlobalSection
	GlobalSection(ProjectConfigurationPlatforms) = postSolution
		{B984F9CB-832C-40E9-8602-1FC036327680}.Debug|Any CPU.ActiveCfg = Debug|Any CPU
		{B984F9CB-832C-40E9-8602-1FC036327680}.Debug|Any CPU.Build.0 = Debug|Any CPU
		{B984F9CB-832C-40E9-8602-1FC036327680}.Release|Any CPU.ActiveCfg = Release|Any CPU
		{B984F9CB-832C-40E9-8602-1FC036327680}.Release|Any CPU.Build.0 = Release|Any CPU
	EndGlobalSection
	GlobalSection(SolutionProperties) = preSolution
		HideSolutionNode = FALSE
	EndGlobalSection
	GlobalSection(ExtensibilityGlobals) = postSolution
		SolutionGuid = {F83217C4-8206-4C94-BE12-2864D8434E41}
	EndGlobalSection
EndGlobal
